
Microsoft Visual Studio Solution File, Format Version 12.00
# Visual Studio 2012
Project("{FAE04EC0-301F-11D3-BF4B-00C04F79EFBC}") = "TileMapPC", "TileMapPC\TileMapPC\TileMapPC.csproj", "{3BDDE1E9-3CCD-4ED8-9BBC-10B0C9C50C8A}"
EndProject
Project("{FAE04EC0-301F-11D3-BF4B-00C04F79EFBC}") = "TileMapPCContent", "TileMapPC\TileMapPCContent\TileMapPCContent.contentproj", "{365FE0D5-BF84-4DE0-96FF-7CB3810390C8}"
EndProject
Project("{FAE04EC0-301F-11D3-BF4B-00C04F79EFBC}") = "lk.ac.mrt.cse.pc11", "F:\ProgrammingC2\Server_v3.2.0.1\Server_v3.2.0.1\lk.ac.mrt.cse.pc11\lk.ac.mrt.cse.pc11.csproj", "{F0E3F41F-83C7-4E98-8486-D5A1F58E8C90}"
EndProject
Global
	GlobalSection(SolutionConfigurationPlatforms) = preSolution
		Debug|Any CPU = Debug|Any CPU
		Debug|Mixed Platforms = Debug|Mixed Platforms
		Debug|x86 = Debug|x86
		Release|Any CPU = Release|Any CPU
		Release|Mixed Platforms = Release|Mixed Platforms
		Release|x86 = Release|x86
	EndGlobalSection
	GlobalSection(ProjectConfigurationPlatforms) = postSolution
		{3BDDE1E9-3CCD-4ED8-9BBC-10B0C9C50C8A}.Debug|Any CPU.ActiveCfg = Debug|x86
		{3BDDE1E9-3CCD-4ED8-9BBC-10B0C9C50C8A}.Debug|Mixed Platforms.ActiveCfg = Debug|x86
		{3BDDE1E9-3CCD-4ED8-9BBC-10B0C9C50C8A}.Debug|Mixed Platforms.Build.0 = Debug|x86
		{3BDDE1E9-3CCD-4ED8-9BBC-10B0C9C50C8A}.Debug|x86.ActiveCfg = Debug|x86
		{3BDDE1E9-3CCD-4ED8-9BBC-10B0C9C50C8A}.Debug|x86.Build.0 = Debug|x86
		{3BDDE1E9-3CCD-4ED8-9BBC-10B0C9C50C8A}.Release|Any CPU.ActiveCfg = Release|x86
		{3BDDE1E9-3CCD-4ED8-9BBC-10B0C9C50C8A}.Release|Mixed Platforms.ActiveCfg = Release|x86
		{3BDDE1E9-3CCD-4ED8-9BBC-10B0C9C50C8A}.Release|Mixed Platforms.Build.0 = Release|x86
		{3BDDE1E9-3CCD-4ED8-9BBC-10B0C9C50C8A}.Release|x86.ActiveCfg = Release|x86
		{3BDDE1E9-3CCD-4ED8-9BBC-10B0C9C50C8A}.Release|x86.Build.0 = Release|x86
		{365FE0D5-BF84-4DE0-96FF-7CB3810390C8}.Debug|Any CPU.ActiveCfg = Debug|x86
		{365FE0D5-BF84-4DE0-96FF-7CB3810390C8}.Debug|Mixed Platforms.ActiveCfg = Debug|x86
		{365FE0D5-BF84-4DE0-96FF-7CB3810390C8}.Debug|x86.ActiveCfg = Debug|x86
		{365FE0D5-BF84-4DE0-96FF-7CB3810390C8}.Release|Any CPU.ActiveCfg = Release|x86
		{365FE0D5-BF84-4DE0-96FF-7CB3810390C8}.Release|Mixed Platforms.ActiveCfg = Release|x86
		{365FE0D5-BF84-4DE0-96FF-7CB3810390C8}.Release|x86.ActiveCfg = Release|x86
		{F0E3F41F-83C7-4E98-8486-D5A1F58E8C90}.Debug|Any CPU.ActiveCfg = Debug|Any CPU
		{F0E3F41F-83C7-4E98-8486-D5A1F58E8C90}.Debug|Any CPU.Build.0 = Debug|Any CPU
		{F0E3F41F-83C7-4E98-8486-D5A1F58E8C90}.Debug|Mixed Platforms.ActiveCfg = Debug|Any CPU
		{F0E3F41F-83C7-4E98-8486-D5A1F58E8C90}.Debug|Mixed Platforms.Build.0 = Debug|Any CPU
		{F0E3F41F-83C7-4E98-8486-D5A1F58E8C90}.Debug|x86.ActiveCfg = Debug|Any CPU
		{F0E3F41F-83C7-4E98-8486-D5A1F58E8C90}.Release|Any CPU.ActiveCfg = Release|Any CPU
		{F0E3F41F-83C7-4E98-8486-D5A1F58E8C90}.Release|Any CPU.Build.0 = Release|Any CPU
		{F0E3F41F-83C7-4E98-8486-D5A1F58E8C90}.Release|Mixed Platforms.ActiveCfg = Release|Any CPU
		{F0E3F41F-83C7-4E98-8486-D5A1F58E8C90}.Release|Mixed Platforms.Build.0 = Release|Any CPU
		{F0E3F41F-83C7-4E98-8486-D5A1F58E8C90}.Release|x86.ActiveCfg = Release|Any CPU
	EndGlobalSection
	GlobalSection(SolutionProperties) = preSolution
		HideSolutionNode = FALSE
	EndGlobalSection
EndGlobal
